// !$*UTF8*$!
{
	archiveVersion = 1;
	classes = {
	};
	objectVersion = 46;
	objects = {

/* Begin PBXBuildFile section */
		BE2130D1CC19AF28B14E07AA /* NSException+Quick.m in Sources */ = {isa = PBXBuildFile; fileRef = BE21360B7494E237B0A6C405 /* NSException+Quick.m */; };
		BE21350BE077C0F483A6CA0E /* ASPDD.m in Sources */ = {isa = PBXBuildFile; fileRef = BE21361A4790A5A86FC987EC /* ASPDD.m */; };
		BE2137D667FCE669B7497424 /* main.m in Sources */ = {isa = PBXBuildFile; fileRef = BE2130353448EBED348732AA /* main.m */; };
		BE213F6CD106230F28475441 /* NSString+CString.m in Sources */ = {isa = PBXBuildFile; fileRef = BE2134FB26E85ED33233342B /* NSString+CString.m */; };
/* End PBXBuildFile section */

/* Begin PBXCopyFilesBuildPhase section */
		BE213FCF53B08A3E841D3E26 /* CopyFiles */ = {
			isa = PBXCopyFilesBuildPhase;
			buildActionMask = 2147483647;
			dstPath = /usr/share/man/man1/;
			dstSubfolderSpec = 0;
			files = (
			);
			runOnlyForDeploymentPostprocessing = 1;
		};
/* End PBXCopyFilesBuildPhase section */

/* Begin PBXFileReference section */
		BE2130353448EBED348732AA /* main.m */ = {isa = PBXFileReference; lastKnownFileType = sourcecode.c.objc; path = main.m; sourceTree = "<group>"; };
		BE21305902F780ED2AF4159A /* NSString+CString.h */ = {isa = PBXFileReference; fileEncoding = 4; lastKnownFileType = sourcecode.c.h; path = "NSString+CString.h"; sourceTree = "<group>"; };
		BE2133945B0396291065C46A /* ASPDD.h */ = {isa = PBXFileReference; fileEncoding = 4; lastKnownFileType = sourcecode.c.h; path = ASPDD.h; sourceTree = "<group>"; };
		BE2134FB26E85ED33233342B /* NSString+CString.m */ = {isa = PBXFileReference; fileEncoding = 4; lastKnownFileType = sourcecode.c.objc; path = "NSString+CString.m"; sourceTree = "<group>"; };
		BE21360B7494E237B0A6C405 /* NSException+Quick.m */ = {isa = PBXFileReference; fileEncoding = 4; lastKnownFileType = sourcecode.c.objc; path = "NSException+Quick.m"; sourceTree = "<group>"; };
		BE21361A4790A5A86FC987EC /* ASPDD.m */ = {isa = PBXFileReference; fileEncoding = 4; lastKnownFileType = sourcecode.c.objc; path = ASPDD.m; sourceTree = "<group>"; };
		BE213F02F12CB44D9FE66100 /* NSException+Quick.h */ = {isa = PBXFileReference; fileEncoding = 4; lastKnownFileType = sourcecode.c.h; path = "NSException+Quick.h"; sourceTree = "<group>"; };
		BE213FF6B77AA769944BD471 /* directdd */ = {isa = PBXFileReference; explicitFileType = "compiled.mach-o.executable"; includeInIndex = 0; path = directdd; sourceTree = BUILT_PRODUCTS_DIR; };
/* End PBXFileReference section */

/* Begin PBXFrameworksBuildPhase section */
		BE213E2D76616235B5A09D7E /* Frameworks */ = {
			isa = PBXFrameworksBuildPhase;
			buildActionMask = 2147483647;
			files = (
			);
			runOnlyForDeploymentPostprocessing = 0;
		};
/* End PBXFrameworksBuildPhase section */

/* Begin PBXGroup section */
		BE21358D4B746410BF9EE42D /* directdd */ = {
			isa = PBXGroup;
			children = (
				BE2130353448EBED348732AA /* main.m */,
				BE21361A4790A5A86FC987EC /* ASPDD.m */,
				BE2133945B0396291065C46A /* ASPDD.h */,
				BE2134FB26E85ED33233342B /* NSString+CString.m */,
				BE21305902F780ED2AF4159A /* NSString+CString.h */,
				BE21360B7494E237B0A6C405 /* NSException+Quick.m */,
				BE213F02F12CB44D9FE66100 /* NSException+Quick.h */,
			);
			path = directdd;
			sourceTree = "<group>";
		};
		BE21363E8EA5BD40924BA6F9 = {
			isa = PBXGroup;
			children = (
				BE213ED60FBA9FF6A6885716 /* Products */,
				BE21358D4B746410BF9EE42D /* directdd */,
			);
			sourceTree = "<group>";
		};
		BE213ED60FBA9FF6A6885716 /* Products */ = {
			isa = PBXGroup;
			children = (
				BE213FF6B77AA769944BD471 /* directdd */,
			);
			name = Products;
			sourceTree = "<group>";
		};
/* End PBXGroup section */

/* Begin PBXNativeTarget section */
		BE21379B3FF0F68408C48CBE /* directdd */ = {
			isa = PBXNativeTarget;
			buildConfigurationList = BE2136945E02E6CD12CA5BB2 /* Build configuration list for PBXNativeTarget "directdd" */;
			buildPhases = (
				BE213CE0B04276836DEAFA81 /* Sources */,
				BE213E2D76616235B5A09D7E /* Frameworks */,
				BE213FCF53B08A3E841D3E26 /* CopyFiles */,
			);
			buildRules = (
			);
			dependencies = (
			);
			name = directdd;
			productName = directdd;
			productReference = BE213FF6B77AA769944BD471 /* directdd */;
			productType = "com.apple.product-type.tool";
		};
/* End PBXNativeTarget section */

/* Begin PBXProject section */
		BE2139B96A94C7327BF5FEF0 /* Project object */ = {
			isa = PBXProject;
			attributes = {
				ORGANIZATIONNAME = ASPCartman;
			};
			buildConfigurationList = BE213732BD1C260AFBA81AB0 /* Build configuration list for PBXProject "directdd" */;
			compatibilityVersion = "Xcode 3.2";
			developmentRegion = English;
			hasScannedForEncodings = 0;
			knownRegions = (
				en,
			);
			mainGroup = BE21363E8EA5BD40924BA6F9;
			productRefGroup = BE213ED60FBA9FF6A6885716 /* Products */;
			projectDirPath = "";
			projectRoot = "";
			targets = (
				BE21379B3FF0F68408C48CBE /* directdd */,
			);
		};
/* End PBXProject section */

/* Begin PBXSourcesBuildPhase section */
		BE213CE0B04276836DEAFA81 /* Sources */ = {
			isa = PBXSourcesBuildPhase;
			buildActionMask = 2147483647;
			files = (
				BE2137D667FCE669B7497424 /* main.m in Sources */,
				BE21350BE077C0F483A6CA0E /* ASPDD.m in Sources */,
				BE213F6CD106230F28475441 /* NSString+CString.m in Sources */,
				BE2130D1CC19AF28B14E07AA /* NSException+Quick.m in Sources */,
			);
			runOnlyForDeploymentPostprocessing = 0;
		};
/* End PBXSourcesBuildPhase section */

/* Begin XCBuildConfiguration section */
		BE2135C5D42F86EC4D974643 /* Release */ = {
			isa = XCBuildConfiguration;
			buildSettings = {
				ALWAYS_SEARCH_USER_PATHS = NO;
				CLANG_CXX_LANGUAGE_STANDARD = "gnu++0x";
				CLANG_CXX_LIBRARY = "libc++";
				CLANG_ENABLE_MODULES = YES;
				CLANG_ENABLE_OBJC_ARC = YES;
				CLANG_WARN_BOOL_CONVERSION = YES;
				CLANG_WARN_CONSTANT_CONVERSION = YES;
				CLANG_WARN_DIRECT_OBJC_ISA_USAGE = YES_ERROR;
				CLANG_WARN_EMPTY_BODY = YES;
				CLANG_WARN_ENUM_CONVERSION = YES;
				CLANG_WARN_INT_CONVERSION = YES;
				CLANG_WARN_OBJC_ROOT_CLASS = YES_ERROR;
				CLANG_WARN_UNREACHABLE_CODE = YES;
				CLANG_WARN__DUPLICATE_METHOD_MATCH = YES;
				COPY_PHASE_STRIP = YES;
				DEBUG_INFORMATION_FORMAT = "dwarf-with-dsym";
				ENABLE_NS_ASSERTIONS = NO;
				ENABLE_STRICT_OBJC_MSGSEND = YES;
				GCC_C_LANGUAGE_STANDARD = gnu99;
				GCC_WARN_64_TO_32_BIT_CONVERSION = YES;
				GCC_WARN_ABOUT_RETURN_TYPE = YES_ERROR;
				GCC_WARN_UNDECLARED_SELECTOR = YES;
				GCC_WARN_UNINITIALIZED_AUTOS = YES_AGGRESSIVE;
				GCC_WARN_UNUSED_FUNCTION = YES;
				GCC_WARN_UNUSED_VARIABLE = YES;
				MACOSX_DEPLOYMENT_TARGET = 10.10;
				MTL_ENABLE_DEBUG_INFO = NO;
				SDKROOT = macosx;
			};
			name = Release;
		};
		BE213CD04DDE91333F1D35D1 /* Debug */ = {
			isa = XCBuildConfiguration;
			buildSettings = {
				PRODUCT_NAME = "$(TARGET_NAME)";
			};
			name = Debug;
		};
		BE213DBFACDF6A6AD316162B /* Debug */ = {
			isa = XCBuildConfiguration;
			buildSettings = {
				ALWAYS_SEARCH_USER_PATHS = NO;
				CLANG_CXX_LANGUAGE_STANDARD = "gnu++0x";
				CLANG_CXX_LIBRARY = "libc++";
				CLANG_ENABLE_MODULES = YES;
				CLANG_ENABLE_OBJC_ARC = YES;
				CLANG_WARN_BOOL_CONVERSION = YES;
				CLANG_WARN_CONSTANT_CONVERSION = YES;
				CLANG_WARN_DIRECT_OBJC_ISA_USAGE = YES_ERROR;
				CLANG_WARN_EMPTY_BODY = YES;
				CLANG_WARN_ENUM_CONVERSION = YES;
				CLANG_WARN_INT_CONVERSION = YES;
				CLANG_WARN_OBJC_ROOT_CLASS = YES_ERROR;
				CLANG_WARN_UNREACHABLE_CODE = YES;
				CLANG_WARN__DUPLICATE_METHOD_MATCH = YES;
				COPY_PHASE_STRIP = NO;
				ENABLE_STRICT_OBJC_MSGSEND = YES;
				GCC_C_LANGUAGE_STANDARD = gnu99;
				GCC_DYNAMIC_NO_PIC = NO;
				GCC_OPTIMIZATION_LEVEL = 0;
				GCC_PREPROCESSOR_DEFINITIONS = (
					"DEBUG=1",
					"$(inherited)",
				);
				GCC_SYMBOLS_PRIVATE_EXTERN = NO;
				GCC_WARN_64_TO_32_BIT_CONVERSION = YES;
				GCC_WARN_ABOUT_RETURN_TYPE = YES_ERROR;
				GCC_WARN_UNDECLARED_SELECTOR = YES;
				GCC_WARN_UNINITIALIZED_AUTOS = YES_AGGRESSIVE;
				GCC_WARN_UNUSED_FUNCTION = YES;
				GCC_WARN_UNUSED_VARIABLE = YES;
				MACOSX_DEPLOYMENT_TARGET = 10.10;
				MTL_ENABLE_DEBUG_INFO = YES;
				ONLY_ACTIVE_ARCH = YES;
				SDKROOT = macosx;
			};
			name = Debug;
		};
		BE213E6F49A0B73BBE6D1E96 /* Release */ = {
			isa = XCBuildConfiguration;
			buildSettings = {
				PRODUCT_NAME = "$(TARGET_NAME)";
			};
			name = Release;
		};
/* End XCBuildConfiguration section */

/* Begin XCConfigurationList section */
		BE2136945E02E6CD12CA5BB2 /* Build configuration list for PBXNativeTarget "directdd" */ = {
			isa = XCConfigurationList;
			buildConfigurations = (
				BE213CD04DDE91333F1D35D1 /* Debug */,
				BE213E6F49A0B73BBE6D1E96 /* Release */,
			);
			defaultConfigurationIsVisible = 0;
		};
		BE213732BD1C260AFBA81AB0 /* Build configuration list for PBXProject "directdd" */ = {
			isa = XCConfigurationList;
			buildConfigurations = (
				BE213DBFACDF6A6AD316162B /* Debug */,
				BE2135C5D42F86EC4D974643 /* Release */,
			);
			defaultConfigurationIsVisible = 0;
			defaultConfigurationName = Release;
		};
/* End XCConfigurationList section */
	};
	rootObject = BE2139B96A94C7327BF5FEF0 /* Project object */;
}
